schema: '2.0'
stages:
  process_data:
    cmd: ./run_pipeline.sh --prepare
    deps:
    - path: data/dataset.parquet
      hash: md5
      md5: 69feefc125bb4f829980798ac7c5cfd2
      size: 618942076
    - path: scripts/data/preprocess.py
      hash: md5
      md5: a367301c0596b059948a68aa59ae30ad
      size: 23055
    outs:
    - path: data/test_finetune.parquet
      hash: md5
      md5: b4e8349c0e3fefc5a83e62165dcce616
      size: 7389326
    - path: data/test_pretrain.parquet
      hash: md5
      md5: b201a8a444d38f0ed7c8d8d74403385c
      size: 6216078
    - path: data/test_twhin.parquet
      hash: md5
      md5: 761cc96e645f1ab528c51db920956ac2
      size: 55050
    - path: data/train_finetune.parquet
      hash: md5
      md5: bd071b5b7be47c7d07304fa17e503b76
      size: 269134498
    - path: data/train_pretrain.parquet
      hash: md5
      md5: 59a949feaba12057b1932eb4107c8040
      size: 219247330
    - path: data/train_twhin.parquet
      hash: md5
      md5: 2bd911c663f1a05f9b8dc9d376b0c454
      size: 2401863
